version = 1
requires-python = ">=3.12"

[[package]]
name = "anyio"
version = "4.6.2.post1"
source = { registry = "https://pypi.org/simple" }
dependencies = [
    { name = "idna" },
    { name = "sniffio" },
]
sdist = { url = "https://files.pythonhosted.org/packages/9f/09/45b9b7a6d4e45c6bcb5bf61d19e3ab87df68e0601fa8c5293de3542546cc/anyio-4.6.2.post1.tar.gz", hash = "sha256:4c8bc31ccdb51c7f7bd251f51c609e038d63e34219b44aa86e47576389880b4c", size = 173422 }
wheels = [
    { url = "https://files.pythonhosted.org/packages/e4/f5/f2b75d2fc6f1a260f340f0e7c6a060f4dd2961cc16884ed851b0d18da06a/anyio-4.6.2.post1-py3-none-any.whl", hash = "sha256:6d170c36fba3bdd840c73d3868c1e777e33676a69c3a72cf0a0d5d6d8009b61d", size = 90377 },
]

[[package]]
name = "certifi"
version = "2024.8.30"
source = { registry = "https://pypi.org/simple" }
sdist = { url = "https://files.pythonhosted.org/packages/b0/ee/9b19140fe824b367c04c5e1b369942dd754c4c5462d5674002f75c4dedc1/certifi-2024.8.30.tar.gz", hash = "sha256:bec941d2aa8195e248a60b31ff9f0558284cf01a52591ceda73ea9afffd69fd9", size = 168507 }
wheels = [
    { url = "https://files.pythonhosted.org/packages/12/90/3c9ff0512038035f59d279fddeb79f5f1eccd8859f06d6163c58798b9487/certifi-2024.8.30-py3-none-any.whl", hash = "sha256:922820b53db7a7257ffbda3f597266d435245903d80737e34f8a45ff3e3230d8", size = 167321 },
]

[[package]]
name = "cleo"
version = "2.1.0"
source = { registry = "https://pypi.org/simple" }
dependencies = [
    { name = "crashtest" },
    { name = "rapidfuzz" },
]
sdist = { url = "https://files.pythonhosted.org/packages/3c/30/f7960ed7041b158301c46774f87620352d50a9028d111b4211187af13783/cleo-2.1.0.tar.gz", hash = "sha256:0b2c880b5d13660a7ea651001fb4acb527696c01f15c9ee650f377aa543fd523", size = 79957 }
wheels = [
    { url = "https://files.pythonhosted.org/packages/2d/f5/6bbead8b880620e5a99e0e4bb9e22e67cca16ff48d54105302a3e7821096/cleo-2.1.0-py3-none-any.whl", hash = "sha256:4a31bd4dd45695a64ee3c4758f583f134267c2bc518d8ae9a29cf237d009b07e", size = 78711 },
]

[[package]]
name = "crashtest"
version = "0.4.1"
source = { registry = "https://pypi.org/simple" }
sdist = { url = "https://files.pythonhosted.org/packages/6e/5d/d79f51058e75948d6c9e7a3d679080a47be61c84d3cc8f71ee31255eb22b/crashtest-0.4.1.tar.gz", hash = "sha256:80d7b1f316ebfbd429f648076d6275c877ba30ba48979de4191714a75266f0ce", size = 4708 }
wheels = [
    { url = "https://files.pythonhosted.org/packages/b0/5c/3ba7d12e7a79566f97b8f954400926d7b6eb33bcdccc1315a857f200f1f1/crashtest-0.4.1-py3-none-any.whl", hash = "sha256:8d23eac5fa660409f57472e3851dab7ac18aba459a8d19cbbba86d3d5aecd2a5", size = 7558 },
]

[[package]]
name = "h11"
version = "0.14.0"
source = { registry = "https://pypi.org/simple" }
sdist = { url = "https://files.pythonhosted.org/packages/f5/38/3af3d3633a34a3316095b39c8e8fb4853a28a536e55d347bd8d8e9a14b03/h11-0.14.0.tar.gz", hash = "sha256:8f19fbbe99e72420ff35c00b27a34cb9937e902a8b810e2c88300c6f0a3b699d", size = 100418 }
wheels = [
    { url = "https://files.pythonhosted.org/packages/95/04/ff642e65ad6b90db43e668d70ffb6736436c7ce41fcc549f4e9472234127/h11-0.14.0-py3-none-any.whl", hash = "sha256:e3fe4ac4b851c468cc8363d500db52c2ead036020723024a109d37346efaa761", size = 58259 },
]

[[package]]
name = "httpcore"
version = "1.0.7"
source = { registry = "https://pypi.org/simple" }
dependencies = [
    { name = "certifi" },
    { name = "h11" },
]
sdist = { url = "https://files.pythonhosted.org/packages/6a/41/d7d0a89eb493922c37d343b607bc1b5da7f5be7e383740b4753ad8943e90/httpcore-1.0.7.tar.gz", hash = "sha256:8551cb62a169ec7162ac7be8d4817d561f60e08eaa485234898414bb5a8a0b4c", size = 85196 }
wheels = [
    { url = "https://files.pythonhosted.org/packages/87/f5/72347bc88306acb359581ac4d52f23c0ef445b57157adedb9aee0cd689d2/httpcore-1.0.7-py3-none-any.whl", hash = "sha256:a3fff8f43dc260d5bd363d9f9cf1830fa3a458b332856f34282de498ed420edd", size = 78551 },
]

[[package]]
name = "httpx"
version = "0.28.0"
source = { registry = "https://pypi.org/simple" }
dependencies = [
    { name = "anyio" },
    { name = "certifi" },
    { name = "httpcore" },
    { name = "idna" },
]
sdist = { url = "https://files.pythonhosted.org/packages/10/df/676b7cf674dd1bdc71a64ad393c89879f75e4a0ab8395165b498262ae106/httpx-0.28.0.tar.gz", hash = "sha256:0858d3bab51ba7e386637f22a61d8ccddaeec5f3fe4209da3a6168dbb91573e0", size = 141307 }
wheels = [
    { url = "https://files.pythonhosted.org/packages/8f/fb/a19866137577ba60c6d8b69498dc36be479b13ba454f691348ddf428f185/httpx-0.28.0-py3-none-any.whl", hash = "sha256:dc0b419a0cfeb6e8b34e85167c0da2671206f5095f1baa9663d23bcfd6b535fc", size = 73551 },
]

[[package]]
name = "idna"
version = "3.10"
source = { registry = "https://pypi.org/simple" }
sdist = { url = "https://files.pythonhosted.org/packages/f1/70/7703c29685631f5a7590aa73f1f1d3fa9a380e654b86af429e0934a32f7d/idna-3.10.tar.gz", hash = "sha256:12f65c9b470abda6dc35cf8e63cc574b1c52b11df2c86030af0ac09b01b13ea9", size = 190490 }
wheels = [
    { url = "https://files.pythonhosted.org/packages/76/c6/c88e154df9c4e1a2a66ccf0005a88dfb2650c1dffb6f5ce603dfbd452ce3/idna-3.10-py3-none-any.whl", hash = "sha256:946d195a0d259cbba61165e88e65941f16e9b36ea6ddb97f00452bae8b1287d3", size = 70442 },
]

[[package]]
name = "notion-client"
version = "2.2.1"
source = { registry = "https://pypi.org/simple" }
dependencies = [
    { name = "httpx" },
]
sdist = { url = "https://files.pythonhosted.org/packages/cd/95/6e0d1cb377a296ecc940ad6c8662b6c18cada6b69cec1742295e9228a7d1/notion-client-2.2.1.tar.gz", hash = "sha256:3827e381ccb5a21aeb606686787edfb6c7a10681cb3507c4d606a1918e791061", size = 19857 }
wheels = [
    { url = "https://files.pythonhosted.org/packages/22/5e/977505b17c5528cffaaf561de46f58fa546345ae75866e3985039aaa991d/notion_client-2.2.1-py2.py3-none-any.whl", hash = "sha256:4ecf9ec527a124462f7bd407d9c9ead9853a9b2c8f00e56f3fa8fb15106ad871", size = 13983 },
]

[[package]]
name = "notion2md"
version = "2.9.0"
source = { registry = "https://pypi.org/simple" }
dependencies = [
    { name = "cleo" },
    { name = "notion-client" },
]
sdist = { url = "https://files.pythonhosted.org/packages/8b/0d/77afbf812eae52394502d85b4c554782fc9e5f392e0880984d70e0d5d312/notion2md-2.9.0.tar.gz", hash = "sha256:df3d3c2b907da828b744b9887353b846184898d0a4c271391ef60606139fc433", size = 11922 }
wheels = [
    { url = "https://files.pythonhosted.org/packages/5c/f9/e4e5362c6097dcba641681eb796ed0df7288801d0aabf53e58231929bd82/notion2md-2.9.0-py3-none-any.whl", hash = "sha256:24708c25b7ec42cc2c0e70ecded8579e80dc0f406b8314e4751f1db45e069838", size = 14360 },
]

[[package]]
name = "notion2md-test"
version = "0.1.0"
source = { virtual = "." }
dependencies = [
    { name = "notion2md" },
    { name = "python-dotenv" },
]

[package.metadata]
requires-dist = [
    { name = "notion2md", specifier = ">=2.9.0" },
    { name = "python-dotenv", specifier = ">=1.0.1" },
]

[[package]]
name = "python-dotenv"
version = "1.0.1"
source = { registry = "https://pypi.org/simple" }
sdist = { url = "https://files.pythonhosted.org/packages/bc/57/e84d88dfe0aec03b7a2d4327012c1627ab5f03652216c63d49846d7a6c58/python-dotenv-1.0.1.tar.gz", hash = "sha256:e324ee90a023d808f1959c46bcbc04446a10ced277783dc6ee09987c37ec10ca", size = 39115 }
wheels = [
    { url = "https://files.pythonhosted.org/packages/6a/3e/b68c118422ec867fa7ab88444e1274aa40681c606d59ac27de5a5588f082/python_dotenv-1.0.1-py3-none-any.whl", hash = "sha256:f7b63ef50f1b690dddf550d03497b66d609393b40b564ed0d674909a68ebf16a", size = 19863 },
]

[[package]]
name = "rapidfuzz"
version = "3.10.1"
source = { registry = "https://pypi.org/simple" }
sdist = { url = "https://files.pythonhosted.org/packages/e1/39/e3bcb901c2746734cd70151253bf9e61c688d3c415227b08e6fbf7eb5d7f/rapidfuzz-3.10.1.tar.gz", hash = "sha256:5a15546d847a915b3f42dc79ef9b0c78b998b4e2c53b252e7166284066585979", size = 57982250 }
wheels = [
    { url = "https://files.pythonhosted.org/packages/77/e9/a7981ad1a7fbe4d76aa4fbbc8f2d6aac289ab62e60173f92fd3e05619f25/rapidfuzz-3.10.1-cp312-cp312-macosx_10_13_x86_64.whl", hash = "sha256:1340b56340896bede246f612b6ecf685f661a56aabef3d2512481bfe23ac5835", size = 1938706 },
    { url = "https://files.pythonhosted.org/packages/bd/2b/f343df6ae726d01aa31c5ff63f2a5807dfeffa671ebf2fb9be8f8b9b2026/rapidfuzz-3.10.1-cp312-cp312-macosx_11_0_arm64.whl", hash = "sha256:2316515169b7b5a453f0ce3adbc46c42aa332cae9f2edb668e24d1fc92b2f2bb", size = 1423814 },
    { url = "https://files.pythonhosted.org/packages/13/07/6accf77b78772de2a5590ef7965d3b7c9997c5a92e913e525765586aa261/rapidfuzz-3.10.1-cp312-cp312-manylinux_2_17_aarch64.manylinux2014_aarch64.whl", hash = "sha256:8e06fe6a12241ec1b72c0566c6b28cda714d61965d86569595ad24793d1ab259", size = 1393680 },
    { url = "https://files.pythonhosted.org/packages/46/16/2a016051489f870d15f7cdcccf823ea5f474453dda5c20cf0044ed3122d5/rapidfuzz-3.10.1-cp312-cp312-manylinux_2_17_i686.manylinux2014_i686.whl", hash = "sha256:d99c1cd9443b19164ec185a7d752f4b4db19c066c136f028991a480720472e23", size = 5545438 },
    { url = "https://files.pythonhosted.org/packages/97/0b/2cdafff5dcb06ed6ede6f81a2f677c1f4cc08a47a6cf16862eb62903a84b/rapidfuzz-3.10.1-cp312-cp312-manylinux_2_17_ppc64le.manylinux2014_ppc64le.whl", hash = "sha256:a1d9aa156ed52d3446388ba4c2f335e312191d1ca9d1f5762ee983cf23e4ecf6", size = 1646447 },
    { url = "https://files.pythonhosted.org/packages/97/65/20a859278192ca036ead255dda49f4eac63dd8d666b3a902d7be3afd38ac/rapidfuzz-3.10.1-cp312-cp312-manylinux_2_17_s390x.manylinux2014_s390x.whl", hash = "sha256:54bcf4efaaee8e015822be0c2c28214815f4f6b4f70d8362cfecbd58a71188ac", size = 1672282 },
    { url = "https://files.pythonhosted.org/packages/3c/05/b8dcfbdc8f4e3e84abf86ea13ec9595ebaf7e5375011e5d49642705704ad/rapidfuzz-3.10.1-cp312-cp312-manylinux_2_17_x86_64.manylinux2014_x86_64.whl", hash = "sha256:c0c955e32afdbfdf6e9ee663d24afb25210152d98c26d22d399712d29a9b976b", size = 3126089 },
    { url = "https://files.pythonhosted.org/packages/3f/eb/e2f5b1643cf463b1b23c36875e711cae0091f6aaa1538c025a12cba32634/rapidfuzz-3.10.1-cp312-cp312-musllinux_1_2_aarch64.whl", hash = "sha256:191633722203f5b7717efcb73a14f76f3b124877d0608c070b827c5226d0b972", size = 2300501 },
    { url = "https://files.pythonhosted.org/packages/7c/28/f3aa5d3a56cc978e73baff951549425d1a722ec3b58cacbc74c4faad2127/rapidfuzz-3.10.1-cp312-cp312-musllinux_1_2_i686.whl", hash = "sha256:195baad28057ec9609e40385991004e470af9ef87401e24ebe72c064431524ab", size = 6903454 },
    { url = "https://files.pythonhosted.org/packages/b8/66/ba6de8c1fe5c50230d4e0adb87dde39b143ac2a4ce959a3f8076266b1767/rapidfuzz-3.10.1-cp312-cp312-musllinux_1_2_ppc64le.whl", hash = "sha256:0fff4a6b87c07366662b62ae994ffbeadc472e72f725923f94b72a3db49f4671", size = 2681137 },
    { url = "https://files.pythonhosted.org/packages/e8/ca/4e9dbc9bca8cd1b933cfc6f961179f883cead90689619ec0aa1a5f075b0e/rapidfuzz-3.10.1-cp312-cp312-musllinux_1_2_s390x.whl", hash = "sha256:4ffed25f9fdc0b287f30a98467493d1e1ce5b583f6317f70ec0263b3c97dbba6", size = 3230482 },
    { url = "https://files.pythonhosted.org/packages/14/50/6484ce7091b815757d6f0c434b78b568d3e7a80b6145a2d9aadc65b16132/rapidfuzz-3.10.1-cp312-cp312-musllinux_1_2_x86_64.whl", hash = "sha256:d02cf8e5af89a9ac8f53c438ddff6d773f62c25c6619b29db96f4aae248177c0", size = 4147386 },
    { url = "https://files.pythonhosted.org/packages/0b/27/9f7a0dbdd5b478790c68297b0678bc0088b9068e667878e5d1359c3ffba0/rapidfuzz-3.10.1-cp312-cp312-win32.whl", hash = "sha256:f3bb81d4fe6a5d20650f8c0afcc8f6e1941f6fecdb434f11b874c42467baded0", size = 1818115 },
    { url = "https://files.pythonhosted.org/packages/58/b6/c5f5e8043052fdbd4aa4f41d93b0e72d089172237ed5ec42118683a9833a/rapidfuzz-3.10.1-cp312-cp312-win_amd64.whl", hash = "sha256:aaf83e9170cb1338922ae42d320699dccbbdca8ffed07faeb0b9257822c26e24", size = 1600653 },
    { url = "https://files.pythonhosted.org/packages/56/d3/dd84c7ed88cd4391e78b3579ecf7141ebf8b900097da2d6911db148d4bb6/rapidfuzz-3.10.1-cp312-cp312-win_arm64.whl", hash = "sha256:c5da802a0d085ad81b0f62828fb55557996c497b2d0b551bbdfeafd6d447892f", size = 840363 },
    { url = "https://files.pythonhosted.org/packages/2f/7a/18aa6a51345e46886784e90a2c5bba62e45ee3adc554c12c3b97c297c4c3/rapidfuzz-3.10.1-cp313-cp313-macosx_10_13_x86_64.whl", hash = "sha256:fc22d69a1c9cccd560a5c434c0371b2df0f47c309c635a01a913e03bbf183710", size = 1931333 },
    { url = "https://files.pythonhosted.org/packages/6f/6a/7e34ddc3d6d751c4dba0d58b681c99f161225730e9a2fa71969d2fa1d281/rapidfuzz-3.10.1-cp313-cp313-macosx_11_0_arm64.whl", hash = "sha256:38b0dac2c8e057562b8f0d8ae5b663d2d6a28c5ab624de5b73cef9abb6129a24", size = 1417685 },
    { url = "https://files.pythonhosted.org/packages/ca/15/93a2eafbb4cc563d72112e4717b8c6f09e9de15f5a7709b832b8c9b81196/rapidfuzz-3.10.1-cp313-cp313-manylinux_2_17_aarch64.manylinux2014_aarch64.whl", hash = "sha256:6fde3bbb14e92ce8fcb5c2edfff72e474d0080cadda1c97785bf4822f037a309", size = 1388805 },
    { url = "https://files.pythonhosted.org/packages/82/23/541da9279b21fc380e89e49e5acd863ba2e2b5d483eb5b6e0cfc427e4540/rapidfuzz-3.10.1-cp313-cp313-manylinux_2_17_i686.manylinux2014_i686.whl", hash = "sha256:9141fb0592e55f98fe9ac0f3ce883199b9c13e262e0bf40c5b18cdf926109d16", size = 5515246 },
    { url = "https://files.pythonhosted.org/packages/f3/a0/f0e43fdaf3c3c1907aa377d3610c70b31830e4d6915b8a61b51b064fcbce/rapidfuzz-3.10.1-cp313-cp313-manylinux_2_17_ppc64le.manylinux2014_ppc64le.whl", hash = "sha256:237bec5dd1bfc9b40bbd786cd27949ef0c0eb5fab5eb491904c6b5df59d39d3c", size = 1642160 },
    { url = "https://files.pythonhosted.org/packages/a7/da/7091eef23291997e7c379a396eedbac66a50a145200cac86a0313286403d/rapidfuzz-3.10.1-cp313-cp313-manylinux_2_17_s390x.manylinux2014_s390x.whl", hash = "sha256:18123168cba156ab5794ea6de66db50f21bb3c66ae748d03316e71b27d907b95", size = 1664562 },
    { url = "https://files.pythonhosted.org/packages/bd/72/417ca8b5dde3c040c1cab1d5500fd24ffdf1a397cb86e36e958acb07cd65/rapidfuzz-3.10.1-cp313-cp313-manylinux_2_17_x86_64.manylinux2014_x86_64.whl", hash = "sha256:0b75fe506c8e02769cc47f5ab21ce3e09b6211d3edaa8f8f27331cb6988779be", size = 3106304 },
    { url = "https://files.pythonhosted.org/packages/57/18/0877c12deb79cee67f6b8fbb662e2d038582d0e26d895ddbfdb88cea7e17/rapidfuzz-3.10.1-cp313-cp313-musllinux_1_2_aarch64.whl", hash = "sha256:9da82aa4b46973aaf9e03bb4c3d6977004648c8638febfc0f9d237e865761270", size = 2302688 },
    { url = "https://files.pythonhosted.org/packages/c2/71/ca9e092c6d904f9fabadac6361e52a484165ee5970f34e4dc70a647f36f3/rapidfuzz-3.10.1-cp313-cp313-musllinux_1_2_i686.whl", hash = "sha256:c34c022d5ad564f1a5a57a4a89793bd70d7bad428150fb8ff2760b223407cdcf", size = 6893082 },
    { url = "https://files.pythonhosted.org/packages/c3/4c/99004b6ae04ead73d1e91829a78d9708c3c707aa83c1e782ea89f1ade491/rapidfuzz-3.10.1-cp313-cp313-musllinux_1_2_ppc64le.whl", hash = "sha256:1e96c84d6c2a0ca94e15acb5399118fff669f4306beb98a6d8ec6f5dccab4412", size = 2669909 },
    { url = "https://files.pythonhosted.org/packages/cb/7c/d5c93a0e497a0430b4f0bfea22e41317c22357cd557fa9aeeafb9e991d9b/rapidfuzz-3.10.1-cp313-cp313-musllinux_1_2_s390x.whl", hash = "sha256:e8e154b84a311263e1aca86818c962e1fa9eefdd643d1d5d197fcd2738f88cb9", size = 3223759 },
    { url = "https://files.pythonhosted.org/packages/d6/77/2c22f438b643524b429731492665d91d9c654144e895f0051cee78d5928d/rapidfuzz-3.10.1-cp313-cp313-musllinux_1_2_x86_64.whl", hash = "sha256:335fee93188f8cd585552bb8057228ce0111bd227fa81bfd40b7df6b75def8ab", size = 4148589 },
    { url = "https://files.pythonhosted.org/packages/bf/d3/51cc9f258b362fca8ced7c34046b66d8887551da0169c06c27ee8d2ce279/rapidfuzz-3.10.1-cp313-cp313-win32.whl", hash = "sha256:6729b856166a9e95c278410f73683957ea6100c8a9d0a8dbe434c49663689255", size = 1816180 },
    { url = "https://files.pythonhosted.org/packages/9d/9d/a69358047742dbc94516c71c07cfab4409d490578815c875949011e3f482/rapidfuzz-3.10.1-cp313-cp313-win_amd64.whl", hash = "sha256:0e06d99ad1ad97cb2ef7f51ec6b1fedd74a3a700e4949353871cf331d07b382a", size = 1598626 },
    { url = "https://files.pythonhosted.org/packages/48/3c/8213b3216b542f3bd43051dc5a1c44e0cd741abb97bde064e89f241c5a82/rapidfuzz-3.10.1-cp313-cp313-win_arm64.whl", hash = "sha256:8d1b7082104d596a3eb012e0549b2634ed15015b569f48879701e9d8db959dbb", size = 839138 },
]

[[package]]
name = "sniffio"
version = "1.3.1"
source = { registry = "https://pypi.org/simple" }
sdist = { url = "https://files.pythonhosted.org/packages/a2/87/a6771e1546d97e7e041b6ae58d80074f81b7d5121207425c964ddf5cfdbd/sniffio-1.3.1.tar.gz", hash = "sha256:f4324edc670a0f49750a81b895f35c3adb843cca46f0530f79fc1babb23789dc", size = 20372 }
wheels = [
    { url = "https://files.pythonhosted.org/packages/e9/44/75a9c9421471a6c4805dbf2356f7c181a29c1879239abab1ea2cc8f38b40/sniffio-1.3.1-py3-none-any.whl", hash = "sha256:2f6da418d1f1e0fddd844478f41680e794e6051915791a034ff65e5f100525a2", size = 10235 },
]
